
Microsoft Visual Studio Solution File, Format Version 12.00
Project("{FAE04EC0-301F-11D3-BF4B-00C04F79EFBC}") = "Day01", "Day01\Day01.csproj", "{89B85616-7C9E-4E50-A781-AA9FDA84A12D}"
EndProject
Project("{FAE04EC0-301F-11D3-BF4B-00C04F79EFBC}") = "Day02", "Day02\Day02.csproj", "{829966BB-F395-4BDB-AD02-DC39F2E8A849}"
EndProject
Project("{FAE04EC0-301F-11D3-BF4B-00C04F79EFBC}") = "Day03", "Day03\Day03.csproj", "{FD393A66-754E-4040-AB1F-0EA2D61EF1BF}"
EndProject
Project("{FAE04EC0-301F-11D3-BF4B-00C04F79EFBC}") = "Day04", "Day04\Day04.csproj", "{7D3D2986-590B-4D31-9057-51AFB1E2AA53}"
EndProject
Project("{FAE04EC0-301F-11D3-BF4B-00C04F79EFBC}") = "Day05", "Day05\Day05.csproj", "{F98EE8D3-F799-4ACB-BFE4-2CA6AE25A56A}"
EndProject
Project("{FAE04EC0-301F-11D3-BF4B-00C04F79EFBC}") = "Day06", "Day06\Day06.csproj", "{247F38AF-1A36-48DD-81B1-5B0BD573F166}"
EndProject
Project("{FAE04EC0-301F-11D3-BF4B-00C04F79EFBC}") = "Day07", "Day07\Day07.csproj", "{9097375F-2458-4C8D-A8BE-A76E6A78D4B8}"
EndProject
Project("{FAE04EC0-301F-11D3-BF4B-00C04F79EFBC}") = "Day08", "Day08\Day08.csproj", "{E99E2627-764D-435A-AD62-0C0440DBB1FB}"
EndProject
Project("{FAE04EC0-301F-11D3-BF4B-00C04F79EFBC}") = "Day09", "Day09\Day09.csproj", "{4FC57851-5C48-4783-AD06-F95F14027DC1}"
EndProject
Project("{FAE04EC0-301F-11D3-BF4B-00C04F79EFBC}") = "Day10", "Day10\Day10.csproj", "{D087B28A-2C2B-457B-A8CF-B2B0E17D318F}"
EndProject
Project("{FAE04EC0-301F-11D3-BF4B-00C04F79EFBC}") = "Common", "Common\Common.csproj", "{6FC6AE30-CF09-4800-B238-035870E12A04}"
EndProject
Project("{FAE04EC0-301F-11D3-BF4B-00C04F79EFBC}") = "Day11", "Day11\Day11.csproj", "{C098E531-ECC6-4B76-8593-AD5CC99F0C6A}"
EndProject
Project("{FAE04EC0-301F-11D3-BF4B-00C04F79EFBC}") = "Day11.Tests", "Day11.Tests\Day11.Tests.csproj", "{1D4681BA-6364-4772-9D98-83420BE1319D}"
EndProject
Global
	GlobalSection(SolutionConfigurationPlatforms) = preSolution
		Debug|Any CPU = Debug|Any CPU
		Release|Any CPU = Release|Any CPU
	EndGlobalSection
	GlobalSection(ProjectConfigurationPlatforms) = postSolution
		{89B85616-7C9E-4E50-A781-AA9FDA84A12D}.Debug|Any CPU.ActiveCfg = Debug|Any CPU
		{89B85616-7C9E-4E50-A781-AA9FDA84A12D}.Debug|Any CPU.Build.0 = Debug|Any CPU
		{89B85616-7C9E-4E50-A781-AA9FDA84A12D}.Release|Any CPU.ActiveCfg = Release|Any CPU
		{89B85616-7C9E-4E50-A781-AA9FDA84A12D}.Release|Any CPU.Build.0 = Release|Any CPU
		{829966BB-F395-4BDB-AD02-DC39F2E8A849}.Debug|Any CPU.ActiveCfg = Debug|Any CPU
		{829966BB-F395-4BDB-AD02-DC39F2E8A849}.Debug|Any CPU.Build.0 = Debug|Any CPU
		{829966BB-F395-4BDB-AD02-DC39F2E8A849}.Release|Any CPU.ActiveCfg = Release|Any CPU
		{829966BB-F395-4BDB-AD02-DC39F2E8A849}.Release|Any CPU.Build.0 = Release|Any CPU
		{FD393A66-754E-4040-AB1F-0EA2D61EF1BF}.Debug|Any CPU.ActiveCfg = Debug|Any CPU
		{FD393A66-754E-4040-AB1F-0EA2D61EF1BF}.Debug|Any CPU.Build.0 = Debug|Any CPU
		{FD393A66-754E-4040-AB1F-0EA2D61EF1BF}.Release|Any CPU.ActiveCfg = Release|Any CPU
		{FD393A66-754E-4040-AB1F-0EA2D61EF1BF}.Release|Any CPU.Build.0 = Release|Any CPU
		{7D3D2986-590B-4D31-9057-51AFB1E2AA53}.Debug|Any CPU.ActiveCfg = Debug|Any CPU
		{7D3D2986-590B-4D31-9057-51AFB1E2AA53}.Debug|Any CPU.Build.0 = Debug|Any CPU
		{7D3D2986-590B-4D31-9057-51AFB1E2AA53}.Release|Any CPU.ActiveCfg = Release|Any CPU
		{7D3D2986-590B-4D31-9057-51AFB1E2AA53}.Release|Any CPU.Build.0 = Release|Any CPU
		{F98EE8D3-F799-4ACB-BFE4-2CA6AE25A56A}.Debug|Any CPU.ActiveCfg = Debug|Any CPU
		{F98EE8D3-F799-4ACB-BFE4-2CA6AE25A56A}.Debug|Any CPU.Build.0 = Debug|Any CPU
		{F98EE8D3-F799-4ACB-BFE4-2CA6AE25A56A}.Release|Any CPU.ActiveCfg = Release|Any CPU
		{F98EE8D3-F799-4ACB-BFE4-2CA6AE25A56A}.Release|Any CPU.Build.0 = Release|Any CPU
		{247F38AF-1A36-48DD-81B1-5B0BD573F166}.Debug|Any CPU.ActiveCfg = Debug|Any CPU
		{247F38AF-1A36-48DD-81B1-5B0BD573F166}.Debug|Any CPU.Build.0 = Debug|Any CPU
		{247F38AF-1A36-48DD-81B1-5B0BD573F166}.Release|Any CPU.ActiveCfg = Release|Any CPU
		{247F38AF-1A36-48DD-81B1-5B0BD573F166}.Release|Any CPU.Build.0 = Release|Any CPU
		{9097375F-2458-4C8D-A8BE-A76E6A78D4B8}.Debug|Any CPU.ActiveCfg = Debug|Any CPU
		{9097375F-2458-4C8D-A8BE-A76E6A78D4B8}.Debug|Any CPU.Build.0 = Debug|Any CPU
		{9097375F-2458-4C8D-A8BE-A76E6A78D4B8}.Release|Any CPU.ActiveCfg = Release|Any CPU
		{9097375F-2458-4C8D-A8BE-A76E6A78D4B8}.Release|Any CPU.Build.0 = Release|Any CPU
		{E99E2627-764D-435A-AD62-0C0440DBB1FB}.Debug|Any CPU.ActiveCfg = Debug|Any CPU
		{E99E2627-764D-435A-AD62-0C0440DBB1FB}.Debug|Any CPU.Build.0 = Debug|Any CPU
		{E99E2627-764D-435A-AD62-0C0440DBB1FB}.Release|Any CPU.ActiveCfg = Release|Any CPU
		{E99E2627-764D-435A-AD62-0C0440DBB1FB}.Release|Any CPU.Build.0 = Release|Any CPU
		{4FC57851-5C48-4783-AD06-F95F14027DC1}.Debug|Any CPU.ActiveCfg = Debug|Any CPU
		{4FC57851-5C48-4783-AD06-F95F14027DC1}.Debug|Any CPU.Build.0 = Debug|Any CPU
		{4FC57851-5C48-4783-AD06-F95F14027DC1}.Release|Any CPU.ActiveCfg = Release|Any CPU
		{4FC57851-5C48-4783-AD06-F95F14027DC1}.Release|Any CPU.Build.0 = Release|Any CPU
		{D087B28A-2C2B-457B-A8CF-B2B0E17D318F}.Debug|Any CPU.ActiveCfg = Debug|Any CPU
		{D087B28A-2C2B-457B-A8CF-B2B0E17D318F}.Debug|Any CPU.Build.0 = Debug|Any CPU
		{D087B28A-2C2B-457B-A8CF-B2B0E17D318F}.Release|Any CPU.ActiveCfg = Release|Any CPU
		{D087B28A-2C2B-457B-A8CF-B2B0E17D318F}.Release|Any CPU.Build.0 = Release|Any CPU
		{6FC6AE30-CF09-4800-B238-035870E12A04}.Debug|Any CPU.ActiveCfg = Debug|Any CPU
		{6FC6AE30-CF09-4800-B238-035870E12A04}.Debug|Any CPU.Build.0 = Debug|Any CPU
		{6FC6AE30-CF09-4800-B238-035870E12A04}.Release|Any CPU.ActiveCfg = Release|Any CPU
		{6FC6AE30-CF09-4800-B238-035870E12A04}.Release|Any CPU.Build.0 = Release|Any CPU
		{C098E531-ECC6-4B76-8593-AD5CC99F0C6A}.Debug|Any CPU.ActiveCfg = Debug|Any CPU
		{C098E531-ECC6-4B76-8593-AD5CC99F0C6A}.Debug|Any CPU.Build.0 = Debug|Any CPU
		{C098E531-ECC6-4B76-8593-AD5CC99F0C6A}.Release|Any CPU.ActiveCfg = Release|Any CPU
		{C098E531-ECC6-4B76-8593-AD5CC99F0C6A}.Release|Any CPU.Build.0 = Release|Any CPU
		{1D4681BA-6364-4772-9D98-83420BE1319D}.Debug|Any CPU.ActiveCfg = Debug|Any CPU
		{1D4681BA-6364-4772-9D98-83420BE1319D}.Debug|Any CPU.Build.0 = Debug|Any CPU
		{1D4681BA-6364-4772-9D98-83420BE1319D}.Release|Any CPU.ActiveCfg = Release|Any CPU
		{1D4681BA-6364-4772-9D98-83420BE1319D}.Release|Any CPU.Build.0 = Release|Any CPU
	EndGlobalSection
EndGlobal
